# This file is generated by gogradle automatically, you should NEVER modify it manually.
---
apiVersion: "0.11.4"
dependencies:
  build:
  - vcs: "git"
    name: "fyne.io/fyne"
    commit: "0ca05dc12c03b8873d2f22caa6ce4c28988b3886"
    url: "https://github.com/fyne-io/fyne"
    transitive: false
  - name: "github.com/Kodeworks/golang-image-ico"
    host:
      name: "fyne.io/fyne"
      commit: "0ca05dc12c03b8873d2f22caa6ce4c28988b3886"
      url: "https://github.com/fyne-io/fyne"
      vcs: "git"
    vendorPath: "vendor/github.com/Kodeworks/golang-image-ico"
    transitive: false
  - name: "github.com/akavel/rsrc"
    host:
      name: "fyne.io/fyne"
      commit: "0ca05dc12c03b8873d2f22caa6ce4c28988b3886"
      url: "https://github.com/fyne-io/fyne"
      vcs: "git"
    vendorPath: "vendor/github.com/akavel/rsrc"
    transitive: false
  - name: "github.com/davecgh/go-spew"
    host:
      name: "fyne.io/fyne"
      commit: "0ca05dc12c03b8873d2f22caa6ce4c28988b3886"
      url: "https://github.com/fyne-io/fyne"
      vcs: "git"
    vendorPath: "vendor/github.com/davecgh/go-spew"
    transitive: false
  - name: "github.com/fsnotify/fsnotify"
    host:
      name: "fyne.io/fyne"
      commit: "0ca05dc12c03b8873d2f22caa6ce4c28988b3886"
      url: "https://github.com/fyne-io/fyne"
      vcs: "git"
    vendorPath: "vendor/github.com/fsnotify/fsnotify"
    transitive: false
  - name: "github.com/fyne-io/mobile"
    host:
      name: "fyne.io/fyne"
      commit: "0ca05dc12c03b8873d2f22caa6ce4c28988b3886"
      url: "https://github.com/fyne-io/fyne"
      vcs: "git"
    vendorPath: "vendor/github.com/fyne-io/mobile"
    transitive: false
  - name: "github.com/go-gl/gl"
    host:
      name: "fyne.io/fyne"
      commit: "0ca05dc12c03b8873d2f22caa6ce4c28988b3886"
      url: "https://github.com/fyne-io/fyne"
      vcs: "git"
    vendorPath: "vendor/github.com/go-gl/gl"
    transitive: false
  - name: "github.com/go-gl/glfw"
    host:
      name: "fyne.io/fyne"
      commit: "0ca05dc12c03b8873d2f22caa6ce4c28988b3886"
      url: "https://github.com/fyne-io/fyne"
      vcs: "git"
    vendorPath: "vendor/github.com/go-gl/glfw"
    transitive: false
  - name: "github.com/godbus/dbus"
    host:
      name: "fyne.io/fyne"
      commit: "0ca05dc12c03b8873d2f22caa6ce4c28988b3886"
      url: "https://github.com/fyne-io/fyne"
      vcs: "git"
    vendorPath: "vendor/github.com/godbus/dbus"
    transitive: false
  - name: "github.com/goki/freetype"
    host:
      name: "fyne.io/fyne"
      commit: "0ca05dc12c03b8873d2f22caa6ce4c28988b3886"
      url: "https://github.com/fyne-io/fyne"
      vcs: "git"
    vendorPath: "vendor/github.com/goki/freetype"
    transitive: false
  - name: "github.com/jackmordaunt/icns"
    host:
      name: "fyne.io/fyne"
      commit: "0ca05dc12c03b8873d2f22caa6ce4c28988b3886"
      url: "https://github.com/fyne-io/fyne"
      vcs: "git"
    vendorPath: "vendor/github.com/jackmordaunt/icns"
    transitive: false
  - name: "github.com/josephspurrier/goversioninfo"
    host:
      name: "fyne.io/fyne"
      commit: "0ca05dc12c03b8873d2f22caa6ce4c28988b3886"
      url: "https://github.com/fyne-io/fyne"
      vcs: "git"
    vendorPath: "vendor/github.com/josephspurrier/goversioninfo"
    transitive: false
  - name: "github.com/lucor/goinfo"
    host:
      name: "fyne.io/fyne"
      commit: "0ca05dc12c03b8873d2f22caa6ce4c28988b3886"
      url: "https://github.com/fyne-io/fyne"
      vcs: "git"
    vendorPath: "vendor/github.com/lucor/goinfo"
    transitive: false
  - name: "github.com/nfnt/resize"
    host:
      name: "fyne.io/fyne"
      commit: "0ca05dc12c03b8873d2f22caa6ce4c28988b3886"
      url: "https://github.com/fyne-io/fyne"
      vcs: "git"
    vendorPath: "vendor/github.com/nfnt/resize"
    transitive: false
  - name: "github.com/pkg/errors"
    host:
      name: "fyne.io/fyne"
      commit: "0ca05dc12c03b8873d2f22caa6ce4c28988b3886"
      url: "https://github.com/fyne-io/fyne"
      vcs: "git"
    vendorPath: "vendor/github.com/pkg/errors"
    transitive: false
  - name: "github.com/pmezard/go-difflib"
    host:
      name: "fyne.io/fyne"
      commit: "0ca05dc12c03b8873d2f22caa6ce4c28988b3886"
      url: "https://github.com/fyne-io/fyne"
      vcs: "git"
    vendorPath: "vendor/github.com/pmezard/go-difflib"
    transitive: false
  - name: "github.com/srwiley/oksvg"
    host:
      name: "fyne.io/fyne"
      commit: "0ca05dc12c03b8873d2f22caa6ce4c28988b3886"
      url: "https://github.com/fyne-io/fyne"
      vcs: "git"
    vendorPath: "vendor/github.com/srwiley/oksvg"
    transitive: false
  - name: "github.com/srwiley/rasterx"
    host:
      name: "fyne.io/fyne"
      commit: "0ca05dc12c03b8873d2f22caa6ce4c28988b3886"
      url: "https://github.com/fyne-io/fyne"
      vcs: "git"
    vendorPath: "vendor/github.com/srwiley/rasterx"
    transitive: false
  - name: "github.com/stretchr/testify"
    host:
      name: "fyne.io/fyne"
      commit: "0ca05dc12c03b8873d2f22caa6ce4c28988b3886"
      url: "https://github.com/fyne-io/fyne"
      vcs: "git"
    vendorPath: "vendor/github.com/stretchr/testify"
    transitive: false
  - name: "golang.org/x/image"
    host:
      name: "fyne.io/fyne"
      commit: "0ca05dc12c03b8873d2f22caa6ce4c28988b3886"
      url: "https://github.com/fyne-io/fyne"
      vcs: "git"
    vendorPath: "vendor/golang.org/x/image"
    transitive: false
  - name: "golang.org/x/mod"
    host:
      name: "fyne.io/fyne"
      commit: "0ca05dc12c03b8873d2f22caa6ce4c28988b3886"
      url: "https://github.com/fyne-io/fyne"
      vcs: "git"
    vendorPath: "vendor/golang.org/x/mod"
    transitive: false
  - name: "golang.org/x/net"
    host:
      name: "fyne.io/fyne"
      commit: "0ca05dc12c03b8873d2f22caa6ce4c28988b3886"
      url: "https://github.com/fyne-io/fyne"
      vcs: "git"
    vendorPath: "vendor/golang.org/x/net"
    transitive: false
  - name: "golang.org/x/sys"
    host:
      name: "fyne.io/fyne"
      commit: "0ca05dc12c03b8873d2f22caa6ce4c28988b3886"
      url: "https://github.com/fyne-io/fyne"
      vcs: "git"
    vendorPath: "vendor/golang.org/x/sys"
    transitive: false
  - name: "golang.org/x/text"
    host:
      name: "fyne.io/fyne"
      commit: "0ca05dc12c03b8873d2f22caa6ce4c28988b3886"
      url: "https://github.com/fyne-io/fyne"
      vcs: "git"
    vendorPath: "vendor/golang.org/x/text"
    transitive: false
  - name: "golang.org/x/tools"
    host:
      name: "fyne.io/fyne"
      commit: "0ca05dc12c03b8873d2f22caa6ce4c28988b3886"
      url: "https://github.com/fyne-io/fyne"
      vcs: "git"
    vendorPath: "vendor/golang.org/x/tools"
    transitive: false
  - name: "golang.org/x/xerrors"
    host:
      name: "fyne.io/fyne"
      commit: "0ca05dc12c03b8873d2f22caa6ce4c28988b3886"
      url: "https://github.com/fyne-io/fyne"
      vcs: "git"
    vendorPath: "vendor/golang.org/x/xerrors"
    transitive: false
  - name: "gopkg.in/yaml.v2"
    host:
      name: "fyne.io/fyne"
      commit: "0ca05dc12c03b8873d2f22caa6ce4c28988b3886"
      url: "https://github.com/fyne-io/fyne"
      vcs: "git"
    vendorPath: "vendor/gopkg.in/yaml.v2"
    transitive: false
  test: []
